
Microsoft Visual Studio Solution File, Format Version 12.00
# Visual Studio Version 16
VisualStudioVersion = 16.0.31112.23
MinimumVisualStudioVersion = 10.0.40219.1
Project("{FAE04EC0-301F-11D3-BF4B-00C04F79EFBC}") = "WebapiWithDI", "WebapiWithDI\WebapiWithDI.csproj", "{F79CC822-1040-413D-95B2-34592A2783D0}"
EndProject
Project("{FAE04EC0-301F-11D3-BF4B-00C04F79EFBC}") = "WebapiWithDI.Common", "WebapiWithDI.Common\WebapiWithDI.Common.csproj", "{FE418471-C8C1-4BDC-AFD0-057ABB4867A0}"
EndProject
Project("{FAE04EC0-301F-11D3-BF4B-00C04F79EFBC}") = "WebapiWithDI.Data", "WebapiWithDI.Data\WebapiWithDI.Data.csproj", "{7A7FCABD-2512-4330-99E9-73BD4B1D45D6}"
EndProject
Project("{FAE04EC0-301F-11D3-BF4B-00C04F79EFBC}") = "WebapiWithDI.DataEf", "WebapiWithDI.DataEf\WebapiWithDI.DataEf.csproj", "{3AFABEBA-4538-4F40-B8E5-65C03C966C57}"
EndProject
Project("{FAE04EC0-301F-11D3-BF4B-00C04F79EFBC}") = "WebapiWithDI.Abstractions", "WebapiWithDI.Abstractions\WebapiWithDI.Abstractions.csproj", "{C657BC7C-95E6-4EB9-BB32-8945E8510A59}"
EndProject
Global
	GlobalSection(SolutionConfigurationPlatforms) = preSolution
		Debug|Any CPU = Debug|Any CPU
		Release|Any CPU = Release|Any CPU
	EndGlobalSection
	GlobalSection(ProjectConfigurationPlatforms) = postSolution
		{F79CC822-1040-413D-95B2-34592A2783D0}.Debug|Any CPU.ActiveCfg = Debug|Any CPU
		{F79CC822-1040-413D-95B2-34592A2783D0}.Debug|Any CPU.Build.0 = Debug|Any CPU
		{F79CC822-1040-413D-95B2-34592A2783D0}.Release|Any CPU.ActiveCfg = Release|Any CPU
		{F79CC822-1040-413D-95B2-34592A2783D0}.Release|Any CPU.Build.0 = Release|Any CPU
		{FE418471-C8C1-4BDC-AFD0-057ABB4867A0}.Debug|Any CPU.ActiveCfg = Debug|Any CPU
		{FE418471-C8C1-4BDC-AFD0-057ABB4867A0}.Debug|Any CPU.Build.0 = Debug|Any CPU
		{FE418471-C8C1-4BDC-AFD0-057ABB4867A0}.Release|Any CPU.ActiveCfg = Release|Any CPU
		{FE418471-C8C1-4BDC-AFD0-057ABB4867A0}.Release|Any CPU.Build.0 = Release|Any CPU
		{7A7FCABD-2512-4330-99E9-73BD4B1D45D6}.Debug|Any CPU.ActiveCfg = Debug|Any CPU
		{7A7FCABD-2512-4330-99E9-73BD4B1D45D6}.Debug|Any CPU.Build.0 = Debug|Any CPU
		{7A7FCABD-2512-4330-99E9-73BD4B1D45D6}.Release|Any CPU.ActiveCfg = Release|Any CPU
		{7A7FCABD-2512-4330-99E9-73BD4B1D45D6}.Release|Any CPU.Build.0 = Release|Any CPU
		{3AFABEBA-4538-4F40-B8E5-65C03C966C57}.Debug|Any CPU.ActiveCfg = Debug|Any CPU
		{3AFABEBA-4538-4F40-B8E5-65C03C966C57}.Debug|Any CPU.Build.0 = Debug|Any CPU
		{3AFABEBA-4538-4F40-B8E5-65C03C966C57}.Release|Any CPU.ActiveCfg = Release|Any CPU
		{3AFABEBA-4538-4F40-B8E5-65C03C966C57}.Release|Any CPU.Build.0 = Release|Any CPU
		{C657BC7C-95E6-4EB9-BB32-8945E8510A59}.Debug|Any CPU.ActiveCfg = Debug|Any CPU
		{C657BC7C-95E6-4EB9-BB32-8945E8510A59}.Debug|Any CPU.Build.0 = Debug|Any CPU
		{C657BC7C-95E6-4EB9-BB32-8945E8510A59}.Release|Any CPU.ActiveCfg = Release|Any CPU
		{C657BC7C-95E6-4EB9-BB32-8945E8510A59}.Release|Any CPU.Build.0 = Release|Any CPU
	EndGlobalSection
	GlobalSection(SolutionProperties) = preSolution
		HideSolutionNode = FALSE
	EndGlobalSection
	GlobalSection(ExtensibilityGlobals) = postSolution
		SolutionGuid = {66BC41F0-EB8B-4134-B98E-597843FD3A74}
	EndGlobalSection
EndGlobal
